github.com/adityatelange/hugo-PaperMod v0.0.0-20240915081152-a2eb47bb4b80 h1:IfLPokx2zpHroEDwNUXsXTxiG93dg/nc86djmWXS4SM=
github.com/adityatelange/hugo-PaperMod v0.0.0-20240915081152-a2eb47bb4b80/go.mod h1:HCHxNMKYdGafUYjVV3ICiAqznZK2yH0iI53jqcDFDdQ=
github.com/canstand/compost v0.8.0 h1:UZQCppjQ4SujAJ8zIbs6AwIxYj034AowJ3KA6Dqi3Kw=
github.com/canstand/compost v0.8.0/go.mod h1:FRwAiyntyMBfL0CSYGdPo88AbEtIv1yI6bVUWZmiQFE=
github.com/spf13/hyde v1.4.0 h1:Gj/OBBonFXRW2g4uGylUB/j7HnGOMcT40AFbBQZpGJY=
github.com/spf13/hyde v1.4.0/go.mod h1:CSmLWCbXXInaA5zAkwAQ0EbwpR7Pe74eSmDxdGspoCY=
github.com/tomfran/typo v1.16.0 h1:g5KaoH+mK1tTCG8GsrtFl9Tbzy0jmgYCl3mMTnAmR38=
github.com/tomfran/typo v1.16.0/go.mod h1:8xNarVYpf1wXyorV/5F4NnTzJXGi8tTtJxourpJv4MA=
