github.com/adityatelange/hugo-PaperMod v0.0.0-20240915081152-a2eb47bb4b80 h1:IfLPokx2zpHroEDwNUXsXTxiG93dg/nc86djmWXS4SM=
github.com/adityatelange/hugo-PaperMod v0.0.0-20240915081152-a2eb47bb4b80/go.mod h1:HCHxNMKYdGafUYjVV3ICiAqznZK2yH0iI53jqcDFDdQ=
github.com/nanxiaobei/hugo-paper v0.0.0-20240911142118-22dd5fb368f1 h1:ZU0DoMzoHs6fWfG+jPAWN3bvtdM2uRXey6s3T6Zzydw=
github.com/nanxiaobei/hugo-paper v0.0.0-20240911142118-22dd5fb368f1/go.mod h1:cS2hTYPgmZ2FkPTQbOiX6vB0yLQcWD067kJx2lkRPVQ=
